{
  "name": "namorvtech-testgame",
  "version": "1.0.0",
  "lockfileVersion": 1,
  "requires": true,
  "dependencies": {
    "namorvtech": {
      "version": "2.0.2",
      "resolved": "http://mahizenstore.digitalgamingcorp.local:4873/namorvtech/-/namorvtech-2.0.2.tgz",
      "integrity": "sha512-MTuSo6W3x+mVx7Y/CYZ1pRzT3D7HM4bv017Ysy9HgFuZjm1Xmjmp6W8HFidET2tR7slAMwDpWIe2mxPYugkMkA==",
      "dev": true
    },
    "typescript": {
      "version": "3.3.3333",
      "resolved": "http://mahizenstore.digitalgamingcorp.local:4873/typescript/-/typescript-3.3.3333.tgz",
      "integrity": "sha512-JjSKsAfuHBE/fB2oZ8NxtRTk5iGcg6hkYXMnZ3Wc+b2RSqejEqTaem11mHASMnFilHrax3sLK0GDzcJrekZYLw==",
      "dev": true
    }
  }
}
